{
  "requires": true,
  "lockfileVersion": 1,
  "dependencies": {
    "mobile-swipe-menu": {
      "version": "2.0.6",
      "resolved": "https://registry.npmjs.org/mobile-swipe-menu/-/mobile-swipe-menu-2.0.6.tgz",
      "integrity": "sha512-Dqm4J0e8txHDdx4kJQNsMUOAL1Keo1Z9F3bCBYeYfDtW1FiMP3Bbqn0rpHLp3Lcd3pTwxcL8k2D3l6jCXoEe5g=="
    }
  }
}
